
Microsoft Visual Studio Solution File, Format Version 12.00
# Visual Studio Version 16
VisualStudioVersion = 16.0.31729.503
MinimumVisualStudioVersion = 10.0.40219.1
Project("{8BC9CEB8-8B4A-11D0-8D11-00A0C91BC942}") = "code_c_s", "code_c_s\code_c_s.vcxproj", "{4D4737A3-8BEB-4576-879C-96CF662E9216}"
EndProject
Global
	GlobalSection(SolutionConfigurationPlatforms) = preSolution
		Debug|x64 = Debug|x64
		Debug|x86 = Debug|x86
		Release|x64 = Release|x64
		Release|x86 = Release|x86
	EndGlobalSection
	GlobalSection(ProjectConfigurationPlatforms) = postSolution
		{4D4737A3-8BEB-4576-879C-96CF662E9216}.Debug|x64.ActiveCfg = Debug|x64
		{4D4737A3-8BEB-4576-879C-96CF662E9216}.Debug|x64.Build.0 = Debug|x64
		{4D4737A3-8BEB-4576-879C-96CF662E9216}.Debug|x86.ActiveCfg = Debug|Win32
		{4D4737A3-8BEB-4576-879C-96CF662E9216}.Debug|x86.Build.0 = Debug|Win32
		{4D4737A3-8BEB-4576-879C-96CF662E9216}.Release|x64.ActiveCfg = Release|x64
		{4D4737A3-8BEB-4576-879C-96CF662E9216}.Release|x64.Build.0 = Release|x64
		{4D4737A3-8BEB-4576-879C-96CF662E9216}.Release|x86.ActiveCfg = Release|Win32
		{4D4737A3-8BEB-4576-879C-96CF662E9216}.Release|x86.Build.0 = Release|Win32
	EndGlobalSection
	GlobalSection(SolutionProperties) = preSolution
		HideSolutionNode = FALSE
	EndGlobalSection
	GlobalSection(ExtensibilityGlobals) = postSolution
		SolutionGuid = {D0894878-4DBC-480C-9B09-1E76DECE8687}
	EndGlobalSection
EndGlobal
